
Microsoft Visual Studio Solution File, Format Version 12.00
# Visual Studio Version 17
VisualStudioVersion = 17.5.33530.505
MinimumVisualStudioVersion = 10.0.40219.1
Project("{FAE04EC0-301F-11D3-BF4B-00C04F79EFBC}") = "ContactsAPI", "ContactsAPI.csproj", "{C2CBA5EE-1F18-469F-9227-F6D7E588ADF8}"
EndProject
Global
	GlobalSection(SolutionConfigurationPlatforms) = preSolution
		Debug|Any CPU = Debug|Any CPU
		Release|Any CPU = Release|Any CPU
	EndGlobalSection
	GlobalSection(ProjectConfigurationPlatforms) = postSolution
		{C2CBA5EE-1F18-469F-9227-F6D7E588ADF8}.Debug|Any CPU.ActiveCfg = Debug|Any CPU
		{C2CBA5EE-1F18-469F-9227-F6D7E588ADF8}.Debug|Any CPU.Build.0 = Debug|Any CPU
		{C2CBA5EE-1F18-469F-9227-F6D7E588ADF8}.Release|Any CPU.ActiveCfg = Release|Any CPU
		{C2CBA5EE-1F18-469F-9227-F6D7E588ADF8}.Release|Any CPU.Build.0 = Release|Any CPU
	EndGlobalSection
	GlobalSection(SolutionProperties) = preSolution
		HideSolutionNode = FALSE
	EndGlobalSection
	GlobalSection(ExtensibilityGlobals) = postSolution
		SolutionGuid = {7AD514CC-AD21-495B-AF8B-9B9295D270A7}
	EndGlobalSection
EndGlobal
